
Microsoft Visual Studio Solution File, Format Version 12.00
# Visual Studio Version 16
VisualStudioVersion = 16.0.29920.165
MinimumVisualStudioVersion = 10.0.40219.1
Project("{FAE04EC0-301F-11D3-BF4B-00C04F79EFBC}") = "cw6", "cw6\cw6.csproj", "{C597B5B3-B749-4C13-A313-D2D69FFA68E7}"
EndProject
Global
	GlobalSection(SolutionConfigurationPlatforms) = preSolution
		Debug|Any CPU = Debug|Any CPU
		Release|Any CPU = Release|Any CPU
	EndGlobalSection
	GlobalSection(ProjectConfigurationPlatforms) = postSolution
		{C597B5B3-B749-4C13-A313-D2D69FFA68E7}.Debug|Any CPU.ActiveCfg = Debug|Any CPU
		{C597B5B3-B749-4C13-A313-D2D69FFA68E7}.Debug|Any CPU.Build.0 = Debug|Any CPU
		{C597B5B3-B749-4C13-A313-D2D69FFA68E7}.Release|Any CPU.ActiveCfg = Release|Any CPU
		{C597B5B3-B749-4C13-A313-D2D69FFA68E7}.Release|Any CPU.Build.0 = Release|Any CPU
	EndGlobalSection
	GlobalSection(SolutionProperties) = preSolution
		HideSolutionNode = FALSE
	EndGlobalSection
	GlobalSection(ExtensibilityGlobals) = postSolution
		SolutionGuid = {68C84670-B4CD-4E86-90DC-6956FEF8218D}
	EndGlobalSection
EndGlobal
